// !$*UTF8*$!
{
	archiveVersion = 1;
	classes = {
	};
	objectVersion = 48;
	objects = {

/* Begin PBXBuildFile section */
		BFD73F301FB2E63E0065A981 /* AppDelegate.swift in Sources */ = {isa = PBXBuildFile; fileRef = BFD73F2F1FB2E63E0065A981 /* AppDelegate.swift */; };
		BFD73F321FB2E63E0065A981 /* ViewController.swift in Sources */ = {isa = PBXBuildFile; fileRef = BFD73F311FB2E63E0065A981 /* ViewController.swift */; };
		BFD73F351FB2E63E0065A981 /* Main.storyboard in Resources */ = {isa = PBXBuildFile; fileRef = BFD73F331FB2E63E0065A981 /* Main.storyboard */; };
		BFD73F371FB2E63E0065A981 /* Assets.xcassets in Resources */ = {isa = PBXBuildFile; fileRef = BFD73F361FB2E63E0065A981 /* Assets.xcassets */; };
		BFD73F3A1FB2E63E0065A981 /* LaunchScreen.storyboard in Resources */ = {isa = PBXBuildFile; fileRef = BFD73F381FB2E63E0065A981 /* LaunchScreen.storyboard */; };
		BFD73F421FB2F1200065A981 /* GoogleService-Info.plist in Resources */ = {isa = PBXBuildFile; fileRef = BFD73F411FB2F1200065A981 /* GoogleService-Info.plist */; };
		F566EF4DC71B0D851A9BC4B8 /* Pods_TryFastlane.framework in Frameworks */ = {isa = PBXBuildFile; fileRef = 9FF1B6B4FF85F4961BB5DB45 /* Pods_TryFastlane.framework */; };
/* End PBXBuildFile section */

/* Begin PBXFileReference section */
		92EF917F8CA7FD96E1222599 /* Pods-TryFastlane.debug.xcconfig */ = {isa = PBXFileReference; includeInIndex = 1; lastKnownFileType = text.xcconfig; name = "Pods-TryFastlane.debug.xcconfig"; path = "Pods/Target Support Files/Pods-TryFastlane/Pods-TryFastlane.debug.xcconfig"; sourceTree = "<group>"; };
		9FF1B6B4FF85F4961BB5DB45 /* Pods_TryFastlane.framework */ = {isa = PBXFileReference; explicitFileType = wrapper.framework; includeInIndex = 0; path = Pods_TryFastlane.framework; sourceTree = BUILT_PRODUCTS_DIR; };
		BFD73F2C1FB2E63E0065A981 /* TryFastlane.app */ = {isa = PBXFileReference; explicitFileType = wrapper.application; includeInIndex = 0; path = TryFastlane.app; sourceTree = BUILT_PRODUCTS_DIR; };
		BFD73F2F1FB2E63E0065A981 /* AppDelegate.swift */ = {isa = PBXFileReference; lastKnownFileType = sourcecode.swift; path = AppDelegate.swift; sourceTree = "<group>"; };
		BFD73F311FB2E63E0065A981 /* ViewController.swift */ = {isa = PBXFileReference; lastKnownFileType = sourcecode.swift; path = ViewController.swift; sourceTree = "<group>"; };
		BFD73F341FB2E63E0065A981 /* Base */ = {isa = PBXFileReference; lastKnownFileType = file.storyboard; name = Base; path = Base.lproj/Main.storyboard; sourceTree = "<group>"; };
		BFD73F361FB2E63E0065A981 /* Assets.xcassets */ = {isa = PBXFileReference; lastKnownFileType = folder.assetcatalog; path = Assets.xcassets; sourceTree = "<group>"; };
		BFD73F391FB2E63E0065A981 /* Base */ = {isa = PBXFileReference; lastKnownFileType = file.storyboard; name = Base; path = Base.lproj/LaunchScreen.storyboard; sourceTree = "<group>"; };
		BFD73F3B1FB2E63E0065A981 /* Info.plist */ = {isa = PBXFileReference; lastKnownFileType = text.plist.xml; path = Info.plist; sourceTree = "<group>"; };
		BFD73F411FB2F1200065A981 /* GoogleService-Info.plist */ = {isa = PBXFileReference; fileEncoding = 4; lastKnownFileType = text.plist.xml; path = "GoogleService-Info.plist"; sourceTree = "<group>"; };
		C9165646BEF9BB8B7753D5B3 /* Pods-TryFastlane.release.xcconfig */ = {isa = PBXFileReference; includeInIndex = 1; lastKnownFileType = text.xcconfig; name = "Pods-TryFastlane.release.xcconfig"; path = "Pods/Target Support Files/Pods-TryFastlane/Pods-TryFastlane.release.xcconfig"; sourceTree = "<group>"; };
/* End PBXFileReference section */

/* Begin PBXFrameworksBuildPhase section */
		BFD73F291FB2E63E0065A981 /* Frameworks */ = {
			isa = PBXFrameworksBuildPhase;
			buildActionMask = 2147483647;
			files = (
				F566EF4DC71B0D851A9BC4B8 /* Pods_TryFastlane.framework in Frameworks */,
			);
			runOnlyForDeploymentPostprocessing = 0;
		};
/* End PBXFrameworksBuildPhase section */

/* Begin PBXGroup section */
		8922F952DCB62ECFC217036E /* Frameworks */ = {
			isa = PBXGroup;
			children = (
				9FF1B6B4FF85F4961BB5DB45 /* Pods_TryFastlane.framework */,
			);
			name = Frameworks;
			sourceTree = "<group>";
		};
		B7DC80E2F5186F2D80532030 /* Pods */ = {
			isa = PBXGroup;
			children = (
				92EF917F8CA7FD96E1222599 /* Pods-TryFastlane.debug.xcconfig */,
				C9165646BEF9BB8B7753D5B3 /* Pods-TryFastlane.release.xcconfig */,
			);
			name = Pods;
			sourceTree = "<group>";
		};
		BFD73F231FB2E63E0065A981 = {
			isa = PBXGroup;
			children = (
				BFD73F2E1FB2E63E0065A981 /* TryFastlane */,
				BFD73F2D1FB2E63E0065A981 /* Products */,
				B7DC80E2F5186F2D80532030 /* Pods */,
				8922F952DCB62ECFC217036E /* Frameworks */,
			);
			sourceTree = "<group>";
		};
		BFD73F2D1FB2E63E0065A981 /* Products */ = {
			isa = PBXGroup;
			children = (
				BFD73F2C1FB2E63E0065A981 /* TryFastlane.app */,
			);
			name = Products;
			sourceTree = "<group>";
		};
		BFD73F2E1FB2E63E0065A981 /* TryFastlane */ = {
			isa = PBXGroup;
			children = (
				BFD73F411FB2F1200065A981 /* GoogleService-Info.plist */,
				BFD73F2F1FB2E63E0065A981 /* AppDelegate.swift */,
				BFD73F311FB2E63E0065A981 /* ViewController.swift */,
				BFD73F331FB2E63E0065A981 /* Main.storyboard */,
				BFD73F361FB2E63E0065A981 /* Assets.xcassets */,
				BFD73F381FB2E63E0065A981 /* LaunchScreen.storyboard */,
				BFD73F3B1FB2E63E0065A981 /* Info.plist */,
			);
			path = TryFastlane;
			sourceTree = "<group>";
		};
/* End PBXGroup section */

/* Begin PBXNativeTarget section */
		BFD73F2B1FB2E63E0065A981 /* TryFastlane */ = {
			isa = PBXNativeTarget;
			buildConfigurationList = BFD73F3E1FB2E63E0065A981 /* Build configuration list for PBXNativeTarget "TryFastlane" */;
			buildPhases = (
				578DDE273F252449C0C56E38 /* [CP] Check Pods Manifest.lock */,
				BFD73F281FB2E63E0065A981 /* Sources */,
				BFD73F291FB2E63E0065A981 /* Frameworks */,
				BFD73F2A1FB2E63E0065A981 /* Resources */,
				E6CEA40D4918A590427ED1D9 /* [CP] Embed Pods Frameworks */,
				DAE1CC036C2930FA5674BF42 /* [CP] Copy Pods Resources */,
				BFD73F431FB2F2610065A981 /* ShellScript */,
			);
			buildRules = (
			);
			dependencies = (
			);
			name = TryFastlane;
			productName = TryFastlane;
			productReference = BFD73F2C1FB2E63E0065A981 /* TryFastlane.app */;
			productType = "com.apple.product-type.application";
		};
/* End PBXNativeTarget section */

/* Begin PBXProject section */
		BFD73F241FB2E63E0065A981 /* Project object */ = {
			isa = PBXProject;
			attributes = {
				LastSwiftUpdateCheck = 0910;
				LastUpgradeCheck = 0910;
				ORGANIZATIONNAME = "Convergent Media Group";
				TargetAttributes = {
					BFD73F2B1FB2E63E0065A981 = {
						CreatedOnToolsVersion = 9.1;
						ProvisioningStyle = Automatic;
					};
				};
			};
			buildConfigurationList = BFD73F271FB2E63E0065A981 /* Build configuration list for PBXProject "TryFastlane" */;
			compatibilityVersion = "Xcode 8.0";
			developmentRegion = en;
			hasScannedForEncodings = 0;
			knownRegions = (
				en,
				Base,
			);
			mainGroup = BFD73F231FB2E63E0065A981;
			productRefGroup = BFD73F2D1FB2E63E0065A981 /* Products */;
			projectDirPath = "";
			projectRoot = "";
			targets = (
				BFD73F2B1FB2E63E0065A981 /* TryFastlane */,
			);
		};
/* End PBXProject section */

/* Begin PBXResourcesBuildPhase section */
		BFD73F2A1FB2E63E0065A981 /* Resources */ = {
			isa = PBXResourcesBuildPhase;
			buildActionMask = 2147483647;
			files = (
				BFD73F3A1FB2E63E0065A981 /* LaunchScreen.storyboard in Resources */,
				BFD73F421FB2F1200065A981 /* GoogleService-Info.plist in Resources */,
				BFD73F371FB2E63E0065A981 /* Assets.xcassets in Resources */,
				BFD73F351FB2E63E0065A981 /* Main.storyboard in Resources */,
			);
			runOnlyForDeploymentPostprocessing = 0;
		};
/* End PBXResourcesBuildPhase section */

/* Begin PBXShellScriptBuildPhase section */
		578DDE273F252449C0C56E38 /* [CP] Check Pods Manifest.lock */ = {
			isa = PBXShellScriptBuildPhase;
			buildActionMask = 2147483647;
			files = (
			);
			inputPaths = (
				"${PODS_PODFILE_DIR_PATH}/Podfile.lock",
				"${PODS_ROOT}/Manifest.lock",
			);
			name = "[CP] Check Pods Manifest.lock";
			outputPaths = (
				"$(DERIVED_FILE_DIR)/Pods-TryFastlane-checkManifestLockResult.txt",
			);
			runOnlyForDeploymentPostprocessing = 0;
			shellPath = /bin/sh;
			shellScript = "diff \"${PODS_PODFILE_DIR_PATH}/Podfile.lock\" \"${PODS_ROOT}/Manifest.lock\" > /dev/null\nif [ $? != 0 ] ; then\n    # print error to STDERR\n    echo \"error: The sandbox is not in sync with the Podfile.lock. Run 'pod install' or update your CocoaPods installation.\" >&2\n    exit 1\nfi\n# This output is used by Xcode 'outputs' to avoid re-running this script phase.\necho \"SUCCESS\" > \"${SCRIPT_OUTPUT_FILE_0}\"\n";
			showEnvVarsInLog = 0;
		};
		BFD73F431FB2F2610065A981 /* ShellScript */ = {
			isa = PBXShellScriptBuildPhase;
			buildActionMask = 2147483647;
			files = (
			);
			inputPaths = (
			);
			outputPaths = (
			);
			runOnlyForDeploymentPostprocessing = 0;
			shellPath = /bin/sh;
			shellScript = "\"${PODS_ROOT}/Fabric/run\" a58bddeb2bbbf8e2a2ee01ae3f4bf673f86f17c9 6189ea6bc48d19e08db31c6105148e41bacb93eee725f12480fafead169b2814";
		};
		DAE1CC036C2930FA5674BF42 /* [CP] Copy Pods Resources */ = {
			isa = PBXShellScriptBuildPhase;
			buildActionMask = 2147483647;
			files = (
			);
			inputPaths = (
			);
			name = "[CP] Copy Pods Resources";
			outputPaths = (
			);
			runOnlyForDeploymentPostprocessing = 0;
			shellPath = /bin/sh;
			shellScript = "\"${SRCROOT}/Pods/Target Support Files/Pods-TryFastlane/Pods-TryFastlane-resources.sh\"\n";
			showEnvVarsInLog = 0;
		};
		E6CEA40D4918A590427ED1D9 /* [CP] Embed Pods Frameworks */ = {
			isa = PBXShellScriptBuildPhase;
			buildActionMask = 2147483647;
			files = (
			);
			inputPaths = (
				"${SRCROOT}/Pods/Target Support Files/Pods-TryFastlane/Pods-TryFastlane-frameworks.sh",
				"${BUILT_PRODUCTS_DIR}/GoogleToolboxForMac/GoogleToolboxForMac.framework",
				"${BUILT_PRODUCTS_DIR}/nanopb/nanopb.framework",
			);
			name = "[CP] Embed Pods Frameworks";
			outputPaths = (
				"${TARGET_BUILD_DIR}/${FRAMEWORKS_FOLDER_PATH}/GoogleToolboxForMac.framework",
				"${TARGET_BUILD_DIR}/${FRAMEWORKS_FOLDER_PATH}/nanopb.framework",
			);
			runOnlyForDeploymentPostprocessing = 0;
			shellPath = /bin/sh;
			shellScript = "\"${SRCROOT}/Pods/Target Support Files/Pods-TryFastlane/Pods-TryFastlane-frameworks.sh\"\n";
			showEnvVarsInLog = 0;
		};
/* End PBXShellScriptBuildPhase section */

/* Begin PBXSourcesBuildPhase section */
		BFD73F281FB2E63E0065A981 /* Sources */ = {
			isa = PBXSourcesBuildPhase;
			buildActionMask = 2147483647;
			files = (
				BFD73F321FB2E63E0065A981 /* ViewController.swift in Sources */,
				BFD73F301FB2E63E0065A981 /* AppDelegate.swift in Sources */,
			);
			runOnlyForDeploymentPostprocessing = 0;
		};
/* End PBXSourcesBuildPhase section */

/* Begin PBXVariantGroup section */
		BFD73F331FB2E63E0065A981 /* Main.storyboard */ = {
			isa = PBXVariantGroup;
			children = (
				BFD73F341FB2E63E0065A981 /* Base */,
			);
			name = Main.storyboard;
			sourceTree = "<group>";
		};
		BFD73F381FB2E63E0065A981 /* LaunchScreen.storyboard */ = {
			isa = PBXVariantGroup;
			children = (
				BFD73F391FB2E63E0065A981 /* Base */,
			);
			name = LaunchScreen.storyboard;
			sourceTree = "<group>";
		};
/* End PBXVariantGroup section */

/* Begin XCBuildConfiguration section */
		BFD73F3C1FB2E63E0065A981 /* Debug */ = {
			isa = XCBuildConfiguration;
			buildSettings = {
				ALWAYS_SEARCH_USER_PATHS = NO;
				CLANG_ANALYZER_NONNULL = YES;
				CLANG_ANALYZER_NUMBER_OBJECT_CONVERSION = YES_AGGRESSIVE;
				CLANG_CXX_LANGUAGE_STANDARD = "gnu++14";
				CLANG_CXX_LIBRARY = "libc++";
				CLANG_ENABLE_MODULES = YES;
				CLANG_ENABLE_OBJC_ARC = YES;
				CLANG_WARN_BLOCK_CAPTURE_AUTORELEASING = YES;
				CLANG_WARN_BOOL_CONVERSION = YES;
				CLANG_WARN_COMMA = YES;
				CLANG_WARN_CONSTANT_CONVERSION = YES;
				CLANG_WARN_DIRECT_OBJC_ISA_USAGE = YES_ERROR;
				CLANG_WARN_DOCUMENTATION_COMMENTS = YES;
				CLANG_WARN_EMPTY_BODY = YES;
				CLANG_WARN_ENUM_CONVERSION = YES;
				CLANG_WARN_INFINITE_RECURSION = YES;
				CLANG_WARN_INT_CONVERSION = YES;
				CLANG_WARN_NON_LITERAL_NULL_CONVERSION = YES;
				CLANG_WARN_OBJC_LITERAL_CONVERSION = YES;
				CLANG_WARN_OBJC_ROOT_CLASS = YES_ERROR;
				CLANG_WARN_RANGE_LOOP_ANALYSIS = YES;
				CLANG_WARN_STRICT_PROTOTYPES = YES;
				CLANG_WARN_SUSPICIOUS_MOVE = YES;
				CLANG_WARN_UNGUARDED_AVAILABILITY = YES_AGGRESSIVE;
				CLANG_WARN_UNREACHABLE_CODE = YES;
				CLANG_WARN__DUPLICATE_METHOD_MATCH = YES;
				CODE_SIGN_IDENTITY = "iPhone Developer";
				COPY_PHASE_STRIP = NO;
				DEBUG_INFORMATION_FORMAT = dwarf;
				ENABLE_STRICT_OBJC_MSGSEND = YES;
				ENABLE_TESTABILITY = YES;
				GCC_C_LANGUAGE_STANDARD = gnu11;
				GCC_DYNAMIC_NO_PIC = NO;
				GCC_NO_COMMON_BLOCKS = YES;
				GCC_OPTIMIZATION_LEVEL = 0;
				GCC_PREPROCESSOR_DEFINITIONS = (
					"DEBUG=1",
					"$(inherited)",
				);
				GCC_WARN_64_TO_32_BIT_CONVERSION = YES;
				GCC_WARN_ABOUT_RETURN_TYPE = YES_ERROR;
				GCC_WARN_UNDECLARED_SELECTOR = YES;
				GCC_WARN_UNINITIALIZED_AUTOS = YES_AGGRESSIVE;
				GCC_WARN_UNUSED_FUNCTION = YES;
				GCC_WARN_UNUSED_VARIABLE = YES;
				IPHONEOS_DEPLOYMENT_TARGET = 11.1;
				MTL_ENABLE_DEBUG_INFO = YES;
				ONLY_ACTIVE_ARCH = YES;
				SDKROOT = iphoneos;
				SWIFT_ACTIVE_COMPILATION_CONDITIONS = DEBUG;
				SWIFT_OPTIMIZATION_LEVEL = "-Onone";
			};
			name = Debug;
		};
		BFD73F3D1FB2E63E0065A981 /* Release */ = {
			isa = XCBuildConfiguration;
			buildSettings = {
				ALWAYS_SEARCH_USER_PATHS = NO;
				CLANG_ANALYZER_NONNULL = YES;
				CLANG_ANALYZER_NUMBER_OBJECT_CONVERSION = YES_AGGRESSIVE;
				CLANG_CXX_LANGUAGE_STANDARD = "gnu++14";
				CLANG_CXX_LIBRARY = "libc++";
				CLANG_ENABLE_MODULES = YES;
				CLANG_ENABLE_OBJC_ARC = YES;
				CLANG_WARN_BLOCK_CAPTURE_AUTORELEASING = YES;
				CLANG_WARN_BOOL_CONVERSION = YES;
				CLANG_WARN_COMMA = YES;
				CLANG_WARN_CONSTANT_CONVERSION = YES;
				CLANG_WARN_DIRECT_OBJC_ISA_USAGE = YES_ERROR;
				CLANG_WARN_DOCUMENTATION_COMMENTS = YES;
				CLANG_WARN_EMPTY_BODY = YES;
				CLANG_WARN_ENUM_CONVERSION = YES;
				CLANG_WARN_INFINITE_RECURSION = YES;
				CLANG_WARN_INT_CONVERSION = YES;
				CLANG_WARN_NON_LITERAL_NULL_CONVERSION = YES;
				CLANG_WARN_OBJC_LITERAL_CONVERSION = YES;
				CLANG_WARN_OBJC_ROOT_CLASS = YES_ERROR;
				CLANG_WARN_RANGE_LOOP_ANALYSIS = YES;
				CLANG_WARN_STRICT_PROTOTYPES = YES;
				CLANG_WARN_SUSPICIOUS_MOVE = YES;
				CLANG_WARN_UNGUARDED_AVAILABILITY = YES_AGGRESSIVE;
				CLANG_WARN_UNREACHABLE_CODE = YES;
				CLANG_WARN__DUPLICATE_METHOD_MATCH = YES;
				CODE_SIGN_IDENTITY = "iPhone Developer";
				COPY_PHASE_STRIP = NO;
				DEBUG_INFORMATION_FORMAT = "dwarf-with-dsym";
				ENABLE_NS_ASSERTIONS = NO;
				ENABLE_STRICT_OBJC_MSGSEND = YES;
				GCC_C_LANGUAGE_STANDARD = gnu11;
				GCC_NO_COMMON_BLOCKS = YES;
				GCC_WARN_64_TO_32_BIT_CONVERSION = YES;
				GCC_WARN_ABOUT_RETURN_TYPE = YES_ERROR;
				GCC_WARN_UNDECLARED_SELECTOR = YES;
				GCC_WARN_UNINITIALIZED_AUTOS = YES_AGGRESSIVE;
				GCC_WARN_UNUSED_FUNCTION = YES;
				GCC_WARN_UNUSED_VARIABLE = YES;
				IPHONEOS_DEPLOYMENT_TARGET = 11.1;
				MTL_ENABLE_DEBUG_INFO = NO;
				SDKROOT = iphoneos;
				SWIFT_OPTIMIZATION_LEVEL = "-Owholemodule";
				VALIDATE_PRODUCT = YES;
			};
			name = Release;
		};
		BFD73F3F1FB2E63E0065A981 /* Debug */ = {
			isa = XCBuildConfiguration;
			baseConfigurationReference = 92EF917F8CA7FD96E1222599 /* Pods-TryFastlane.debug.xcconfig */;
			buildSettings = {
				ASSETCATALOG_COMPILER_APPICON_NAME = AppIcon;
				CODE_SIGN_STYLE = Automatic;
				CURRENT_PROJECT_VERSION = 5;
				DEBUG_INFORMATION_FORMAT = "dwarf-with-dsym";
				DEVELOPMENT_TEAM = Q277395P4K;
				INFOPLIST_FILE = TryFastlane/Info.plist;
				IPHONEOS_DEPLOYMENT_TARGET = 10.0;
				LD_RUNPATH_SEARCH_PATHS = "$(inherited) @executable_path/Frameworks";
				PRODUCT_BUNDLE_IDENTIFIER = com.cmg.TryFastlane;
				PRODUCT_NAME = "$(TARGET_NAME)";
				SWIFT_VERSION = 4.0;
				TARGETED_DEVICE_FAMILY = "1,2";
			};
			name = Debug;
		};
		BFD73F401FB2E63E0065A981 /* Release */ = {
			isa = XCBuildConfiguration;
			baseConfigurationReference = C9165646BEF9BB8B7753D5B3 /* Pods-TryFastlane.release.xcconfig */;
			buildSettings = {
				ASSETCATALOG_COMPILER_APPICON_NAME = AppIcon;
				CODE_SIGN_STYLE = Automatic;
				CURRENT_PROJECT_VERSION = 5;
				DEVELOPMENT_TEAM = Q277395P4K;
				INFOPLIST_FILE = TryFastlane/Info.plist;
				IPHONEOS_DEPLOYMENT_TARGET = 10.0;
				LD_RUNPATH_SEARCH_PATHS = "$(inherited) @executable_path/Frameworks";
				PRODUCT_BUNDLE_IDENTIFIER = com.cmg.TryFastlane;
				PRODUCT_NAME = "$(TARGET_NAME)";
				SWIFT_VERSION = 4.0;
				TARGETED_DEVICE_FAMILY = "1,2";
			};
			name = Release;
		};
/* End XCBuildConfiguration section */

/* Begin XCConfigurationList section */
		BFD73F271FB2E63E0065A981 /* Build configuration list for PBXProject "TryFastlane" */ = {
			isa = XCConfigurationList;
			buildConfigurations = (
				BFD73F3C1FB2E63E0065A981 /* Debug */,
				BFD73F3D1FB2E63E0065A981 /* Release */,
			);
			defaultConfigurationIsVisible = 0;
			defaultConfigurationName = Release;
		};
		BFD73F3E1FB2E63E0065A981 /* Build configuration list for PBXNativeTarget "TryFastlane" */ = {
			isa = XCConfigurationList;
			buildConfigurations = (
				BFD73F3F1FB2E63E0065A981 /* Debug */,
				BFD73F401FB2E63E0065A981 /* Release */,
			);
			defaultConfigurationIsVisible = 0;
			defaultConfigurationName = Release;
		};
/* End XCConfigurationList section */
	};
	rootObject = BFD73F241FB2E63E0065A981 /* Project object */;
}
